PODS:
  - Bolts (1.1.0)
  - Facebook-iOS-SDK (3.16.1):
    - Bolts
  - Kiwi (2.3.0)
  - Parse (1.2.18):
    - Facebook-iOS-SDK (~> 3.11)
  - VENVersionTracker (0.1.1)

DEPENDENCIES:
  - Kiwi (~> 2.3)
  - Parse
  - VENVersionTracker (from `https://github.com/timgshi/VENVersionTracker.git`, branch `feature/include-bundle-id`)

EXTERNAL SOURCES:
  VENVersionTracker:
    :branch: feature/include-bundle-id
    :git: https://github.com/timgshi/VENVersionTracker.git

CHECKOUT OPTIONS:
  VENVersionTracker:
    :commit: cb05ecaf5bb74943bfa9e7f5ad8c2330771e0320
    :git: https://github.com/timgshi/VENVersionTracker.git

SPEC CHECKSUMS:
  Bolts: 91c2af8eae1d44e1dd75946a5b0ae04a43ea43e4
  Facebook-iOS-SDK: 594f0e2398fe62b0a44b6f7ae113c7795cfabfa4
  Kiwi: 54bece5b35564d9b8e03c608d926f1a22fcfc589
  Parse: a2017b8839185f110bd0bfff19c994abc024b4ac
  VENVersionTracker: c17e85d347b5d895ef2fe16124f8f58eb4667ce5

COCOAPODS: 0.35.0
