PODS:
  - Bolts (1.1.3)
  - Kiwi (2.3.0)
  - Parse (1.6.0):
    - Bolts (~> 1.1.3)
  - UIAlertView+Blocks (0.8.1)
  - VENVersionTracker (0.1.1)

DEPENDENCIES:
  - Kiwi (~> 2.3)
  - Parse (= 1.6)
  - UIAlertView+Blocks (~> 0.8)
  - VENVersionTracker (from `https://github.com/timgshi/VENVersionTracker.git`, branch `feature/include-bundle-id`)

EXTERNAL SOURCES:
  VENVersionTracker:
    :branch: feature/include-bundle-id
    :git: https://github.com/timgshi/VENVersionTracker.git

CHECKOUT OPTIONS:
  VENVersionTracker:
    :commit: cb05ecaf5bb74943bfa9e7f5ad8c2330771e0320
    :git: https://github.com/timgshi/VENVersionTracker.git

SPEC CHECKSUMS:
  Bolts: 3db0a875235e0c9042b013af13af0f00f79b102c
  Kiwi: 54bece5b35564d9b8e03c608d926f1a22fcfc589
  Parse: f15dfacd941ee8084a5decbef486da8b223c2810
  UIAlertView+Blocks: 0b749f1f7bd5131ff2233b30a406c1585a7171b2
  VENVersionTracker: c17e85d347b5d895ef2fe16124f8f58eb4667ce5

COCOAPODS: 0.35.0
