<?xml version="1.0" encoding="UTF-8"?>
<!DOCTYPE plist PUBLIC "-//Apple//DTD PLIST 1.0//EN" "http://www.apple.com/DTDs/PropertyList-1.0.dtd">
<plist version="1.0">
<dict>
	<key>archiveVersion</key>
	<string>1</string>
	<key>classes</key>
	<dict/>
	<key>objectVersion</key>
	<string>46</string>
	<key>objects</key>
	<dict>
		<key>07264EE6196D936000B6E821</key>
		<dict>
			<key>isa</key>
			<string>PBXFileReference</string>
			<key>lastKnownFileType</key>
			<string>sourcecode.c.h</string>
			<key>path</key>
			<string>VDDConstants.h</string>
			<key>sourceTree</key>
			<string>&lt;group&gt;</string>
		</dict>
		<key>1F796BEAF20E489486DDD83C</key>
		<dict>
			<key>fileRef</key>
			<string>8C7F41E3595F466F9F97020D</string>
			<key>isa</key>
			<string>PBXBuildFile</string>
		</dict>
		<key>20B5ECA4F08C4A45932B2E35</key>
		<dict>
			<key>fileRef</key>
			<string>5B9E479EABA0439E964514CA</string>
			<key>isa</key>
			<string>PBXBuildFile</string>
		</dict>
		<key>2DB6C65DEBE13F368C353D43</key>
		<dict>
			<key>includeInIndex</key>
			<string>1</string>
			<key>isa</key>
			<string>PBXFileReference</string>
			<key>lastKnownFileType</key>
			<string>text.xcconfig</string>
			<key>name</key>
			<string>Pods-VenmoDryDockTests.debug.xcconfig</string>
			<key>path</key>
			<string>Pods/Target Support Files/Pods-VenmoDryDockTests/Pods-VenmoDryDockTests.debug.xcconfig</string>
			<key>sourceTree</key>
			<string>&lt;group&gt;</string>
		</dict>
		<key>3A9E32BC18F852000090BEF1</key>
		<dict>
			<key>children</key>
			<array>
				<string>3A9E32BD18F8522F0090BEF1</string>
				<string>3A9E32BE18F8522F0090BEF1</string>
			</array>
			<key>isa</key>
			<string>PBXGroup</string>
			<key>name</key>
			<string>Categories</string>
			<key>sourceTree</key>
			<string>&lt;group&gt;</string>
		</dict>
		<key>3A9E32BD18F8522F0090BEF1</key>
		<dict>
			<key>fileEncoding</key>
			<string>4</string>
			<key>isa</key>
			<string>PBXFileReference</string>
			<key>lastKnownFileType</key>
			<string>sourcecode.c.h</string>
			<key>name</key>
			<string>NSString+DryDock.h</string>
			<key>path</key>
			<string>Categories/NSString+DryDock.h</string>
			<key>sourceTree</key>
			<string>&lt;group&gt;</string>
		</dict>
		<key>3A9E32BE18F8522F0090BEF1</key>
		<dict>
			<key>fileEncoding</key>
			<string>4</string>
			<key>isa</key>
			<string>PBXFileReference</string>
			<key>lastKnownFileType</key>
			<string>sourcecode.c.objc</string>
			<key>name</key>
			<string>NSString+DryDock.m</string>
			<key>path</key>
			<string>Categories/NSString+DryDock.m</string>
			<key>sourceTree</key>
			<string>&lt;group&gt;</string>
		</dict>
		<key>3A9E32BF18F8522F0090BEF1</key>
		<dict>
			<key>fileRef</key>
			<string>3A9E32BE18F8522F0090BEF1</string>
			<key>isa</key>
			<string>PBXBuildFile</string>
		</dict>
		<key>4F56F487BE287C2B62D755CD</key>
		<dict>
			<key>includeInIndex</key>
			<string>1</string>
			<key>isa</key>
			<string>PBXFileReference</string>
			<key>lastKnownFileType</key>
			<string>text.xcconfig</string>
			<key>name</key>
			<string>Pods-VenmoDryDock.debug.xcconfig</string>
			<key>path</key>
			<string>Pods/Target Support Files/Pods-VenmoDryDock/Pods-VenmoDryDock.debug.xcconfig</string>
			<key>sourceTree</key>
			<string>&lt;group&gt;</string>
		</dict>
		<key>5046B7D8ACE54D78890E8B28</key>
		<dict>
			<key>buildActionMask</key>
			<string>2147483647</string>
			<key>files</key>
			<array/>
			<key>inputPaths</key>
			<array/>
			<key>isa</key>
			<string>PBXShellScriptBuildPhase</string>
			<key>name</key>
			<string>Copy Pods Resources</string>
			<key>outputPaths</key>
			<array/>
			<key>runOnlyForDeploymentPostprocessing</key>
			<string>0</string>
			<key>shellPath</key>
			<string>/bin/sh</string>
			<key>shellScript</key>
			<string>"${SRCROOT}/Pods/Target Support Files/Pods-VenmoDryDockTests/Pods-VenmoDryDockTests-resources.sh"
</string>
			<key>showEnvVarsInLog</key>
			<string>0</string>
		</dict>
		<key>5B9E479EABA0439E964514CA</key>
		<dict>
			<key>explicitFileType</key>
			<string>archive.ar</string>
			<key>includeInIndex</key>
			<string>0</string>
			<key>isa</key>
			<string>PBXFileReference</string>
			<key>path</key>
			<string>libPods-VenmoDryDockTests.a</string>
			<key>sourceTree</key>
			<string>BUILT_PRODUCTS_DIR</string>
		</dict>
		<key>6C929B66F159B796ACD0F96F</key>
		<dict>
			<key>children</key>
			<array>
				<string>4F56F487BE287C2B62D755CD</string>
				<string>B18F82C1787F58CDD215AD3A</string>
				<string>2DB6C65DEBE13F368C353D43</string>
				<string>70B7823D9E9F9CE7FAF2D589</string>
			</array>
			<key>isa</key>
			<string>PBXGroup</string>
			<key>name</key>
			<string>Pods</string>
			<key>sourceTree</key>
			<string>&lt;group&gt;</string>
		</dict>
		<key>70B7823D9E9F9CE7FAF2D589</key>
		<dict>
			<key>includeInIndex</key>
			<string>1</string>
			<key>isa</key>
			<string>PBXFileReference</string>
			<key>lastKnownFileType</key>
			<string>text.xcconfig</string>
			<key>name</key>
			<string>Pods-VenmoDryDockTests.release.xcconfig</string>
			<key>path</key>
			<string>Pods/Target Support Files/Pods-VenmoDryDockTests/Pods-VenmoDryDockTests.release.xcconfig</string>
			<key>sourceTree</key>
			<string>&lt;group&gt;</string>
		</dict>
		<key>83FC5C3718D4B8A1005A3B3E</key>
		<dict>
			<key>children</key>
			<array>
				<string>83FC5C4918D4B8A1005A3B3E</string>
				<string>B6FBEC46197F6C6500A8C89C</string>
				<string>83FC5C4218D4B8A1005A3B3E</string>
				<string>83FC5C4118D4B8A1005A3B3E</string>
				<string>6C929B66F159B796ACD0F96F</string>
			</array>
			<key>isa</key>
			<string>PBXGroup</string>
			<key>sourceTree</key>
			<string>&lt;group&gt;</string>
		</dict>
		<key>83FC5C3818D4B8A1005A3B3E</key>
		<dict>
			<key>attributes</key>
			<dict>
				<key>CLASSPREFIX</key>
				<string>VDD</string>
				<key>LastUpgradeCheck</key>
				<string>0510</string>
				<key>ORGANIZATIONNAME</key>
				<string>Chris Maddern</string>
				<key>TargetAttributes</key>
				<dict>
					<key>83FC5C3F18D4B8A1005A3B3E</key>
					<dict>
						<key>DevelopmentTeam</key>
						<string>QK3APTBF2M</string>
					</dict>
					<key>B6FBEC41197F6C6500A8C89C</key>
					<dict>
						<key>TestTargetID</key>
						<string>83FC5C3F18D4B8A1005A3B3E</string>
					</dict>
				</dict>
			</dict>
			<key>buildConfigurationList</key>
			<string>83FC5C3B18D4B8A1005A3B3E</string>
			<key>compatibilityVersion</key>
			<string>Xcode 3.2</string>
			<key>developmentRegion</key>
			<string>English</string>
			<key>hasScannedForEncodings</key>
			<string>0</string>
			<key>isa</key>
			<string>PBXProject</string>
			<key>knownRegions</key>
			<array>
				<string>en</string>
				<string>Base</string>
			</array>
			<key>mainGroup</key>
			<string>83FC5C3718D4B8A1005A3B3E</string>
			<key>productRefGroup</key>
			<string>83FC5C4118D4B8A1005A3B3E</string>
			<key>projectDirPath</key>
			<string></string>
			<key>projectReferences</key>
			<array/>
			<key>projectRoot</key>
			<string></string>
			<key>targets</key>
			<array>
				<string>83FC5C3F18D4B8A1005A3B3E</string>
				<string>B6FBEC41197F6C6500A8C89C</string>
			</array>
		</dict>
		<key>83FC5C3B18D4B8A1005A3B3E</key>
		<dict>
			<key>buildConfigurations</key>
			<array>
				<string>83FC5C7318D4B8A1005A3B3E</string>
				<string>83FC5C7418D4B8A1005A3B3E</string>
			</array>
			<key>defaultConfigurationIsVisible</key>
			<string>0</string>
			<key>defaultConfigurationName</key>
			<string>Release</string>
			<key>isa</key>
			<string>XCConfigurationList</string>
		</dict>
		<key>83FC5C3C18D4B8A1005A3B3E</key>
		<dict>
			<key>buildActionMask</key>
			<string>2147483647</string>
			<key>files</key>
			<array>
				<string>83FC5C8918D4C575005A3B3E</string>
				<string>3A9E32BF18F8522F0090BEF1</string>
				<string>83FC5CA518D7D364005A3B3E</string>
				<string>83FC5CA618D7D364005A3B3E</string>
				<string>83FC5C5018D4B8A1005A3B3E</string>
				<string>C2C43A3918F1DF1C00E11746</string>
				<string>83FC5C5418D4B8A1005A3B3E</string>
			</array>
			<key>isa</key>
			<string>PBXSourcesBuildPhase</string>
			<key>runOnlyForDeploymentPostprocessing</key>
			<string>0</string>
		</dict>
		<key>83FC5C3D18D4B8A1005A3B3E</key>
		<dict>
			<key>buildActionMask</key>
			<string>2147483647</string>
			<key>files</key>
			<array>
				<string>83FC5C4618D4B8A1005A3B3E</string>
				<string>83FC5C4818D4B8A1005A3B3E</string>
				<string>83FC5C4418D4B8A1005A3B3E</string>
				<string>1F796BEAF20E489486DDD83C</string>
			</array>
			<key>isa</key>
			<string>PBXFrameworksBuildPhase</string>
			<key>runOnlyForDeploymentPostprocessing</key>
			<string>0</string>
		</dict>
		<key>83FC5C3E18D4B8A1005A3B3E</key>
		<dict>
			<key>buildActionMask</key>
			<string>2147483647</string>
			<key>files</key>
			<array>
				<string>83FC5C4E18D4B8A1005A3B3E</string>
				<string>83FC5C9E18D7D31B005A3B3E</string>
				<string>83FC5C9D18D7D31B005A3B3E</string>
				<string>83FC5CA718D7D364005A3B3E</string>
				<string>83FC5C5718D4B8A1005A3B3E</string>
			</array>
			<key>isa</key>
			<string>PBXResourcesBuildPhase</string>
			<key>runOnlyForDeploymentPostprocessing</key>
			<string>0</string>
		</dict>
		<key>83FC5C3F18D4B8A1005A3B3E</key>
		<dict>
			<key>buildConfigurationList</key>
			<string>83FC5C7518D4B8A1005A3B3E</string>
			<key>buildPhases</key>
			<array>
				<string>AB35763C981542458EBF182E</string>
				<string>83FC5C3C18D4B8A1005A3B3E</string>
				<string>83FC5C3D18D4B8A1005A3B3E</string>
				<string>83FC5C3E18D4B8A1005A3B3E</string>
				<string>FE34DC2EDB9D41718C7B0D87</string>
			</array>
			<key>buildRules</key>
			<array/>
			<key>dependencies</key>
			<array/>
			<key>isa</key>
			<string>PBXNativeTarget</string>
			<key>name</key>
			<string>VenmoDryDock</string>
			<key>productName</key>
			<string>VenmoDryDock</string>
			<key>productReference</key>
			<string>83FC5C4018D4B8A1005A3B3E</string>
			<key>productType</key>
			<string>com.apple.product-type.application</string>
		</dict>
		<key>83FC5C4018D4B8A1005A3B3E</key>
		<dict>
			<key>explicitFileType</key>
			<string>wrapper.application</string>
			<key>includeInIndex</key>
			<string>0</string>
			<key>isa</key>
			<string>PBXFileReference</string>
			<key>path</key>
			<string>VenmoDryDock.app</string>
			<key>sourceTree</key>
			<string>BUILT_PRODUCTS_DIR</string>
		</dict>
		<key>83FC5C4118D4B8A1005A3B3E</key>
		<dict>
			<key>children</key>
			<array>
				<string>83FC5C4018D4B8A1005A3B3E</string>
				<string>B6FBEC42197F6C6500A8C89C</string>
			</array>
			<key>isa</key>
			<string>PBXGroup</string>
			<key>name</key>
			<string>Products</string>
			<key>sourceTree</key>
			<string>&lt;group&gt;</string>
		</dict>
		<key>83FC5C4218D4B8A1005A3B3E</key>
		<dict>
			<key>children</key>
			<array>
				<string>83FC5C4318D4B8A1005A3B3E</string>
				<string>83FC5C4518D4B8A1005A3B3E</string>
				<string>83FC5C4718D4B8A1005A3B3E</string>
				<string>83FC5C6518D4B8A1005A3B3E</string>
				<string>8C7F41E3595F466F9F97020D</string>
				<string>5B9E479EABA0439E964514CA</string>
			</array>
			<key>isa</key>
			<string>PBXGroup</string>
			<key>name</key>
			<string>Frameworks</string>
			<key>sourceTree</key>
			<string>&lt;group&gt;</string>
		</dict>
		<key>83FC5C4318D4B8A1005A3B3E</key>
		<dict>
			<key>isa</key>
			<string>PBXFileReference</string>
			<key>lastKnownFileType</key>
			<string>wrapper.framework</string>
			<key>name</key>
			<string>Foundation.framework</string>
			<key>path</key>
			<string>System/Library/Frameworks/Foundation.framework</string>
			<key>sourceTree</key>
			<string>SDKROOT</string>
		</dict>
		<key>83FC5C4418D4B8A1005A3B3E</key>
		<dict>
			<key>fileRef</key>
			<string>83FC5C4318D4B8A1005A3B3E</string>
			<key>isa</key>
			<string>PBXBuildFile</string>
		</dict>
		<key>83FC5C4518D4B8A1005A3B3E</key>
		<dict>
			<key>isa</key>
			<string>PBXFileReference</string>
			<key>lastKnownFileType</key>
			<string>wrapper.framework</string>
			<key>name</key>
			<string>CoreGraphics.framework</string>
			<key>path</key>
			<string>System/Library/Frameworks/CoreGraphics.framework</string>
			<key>sourceTree</key>
			<string>SDKROOT</string>
		</dict>
		<key>83FC5C4618D4B8A1005A3B3E</key>
		<dict>
			<key>fileRef</key>
			<string>83FC5C4518D4B8A1005A3B3E</string>
			<key>isa</key>
			<string>PBXBuildFile</string>
		</dict>
		<key>83FC5C4718D4B8A1005A3B3E</key>
		<dict>
			<key>isa</key>
			<string>PBXFileReference</string>
			<key>lastKnownFileType</key>
			<string>wrapper.framework</string>
			<key>name</key>
			<string>UIKit.framework</string>
			<key>path</key>
			<string>System/Library/Frameworks/UIKit.framework</string>
			<key>sourceTree</key>
			<string>SDKROOT</string>
		</dict>
		<key>83FC5C4818D4B8A1005A3B3E</key>
		<dict>
			<key>fileRef</key>
			<string>83FC5C4718D4B8A1005A3B3E</string>
			<key>isa</key>
			<string>PBXBuildFile</string>
		</dict>
		<key>83FC5C4918D4B8A1005A3B3E</key>
		<dict>
			<key>children</key>
			<array>
				<string>3A9E32BC18F852000090BEF1</string>
				<string>83FC5C9F18D7D364005A3B3E</string>
				<string>83FC5C8A18D4CCFE005A3B3E</string>
				<string>83FC5C8518D4C575005A3B3E</string>
				<string>83FC5C9A18D783B3005A3B3E</string>
				<string>83FC5C4A18D4B8A1005A3B3E</string>
				<string>83FC5C5218D4B8A1005A3B3E</string>
				<string>83FC5C5318D4B8A1005A3B3E</string>
				<string>83FC5C5518D4B8A1005A3B3E</string>
			</array>
			<key>isa</key>
			<string>PBXGroup</string>
			<key>path</key>
			<string>VenmoDryDock</string>
			<key>sourceTree</key>
			<string>&lt;group&gt;</string>
		</dict>
		<key>83FC5C4A18D4B8A1005A3B3E</key>
		<dict>
			<key>children</key>
			<array>
				<string>83FC5C4B18D4B8A1005A3B3E</string>
				<string>83FC5C4C18D4B8A1005A3B3E</string>
				<string>83FC5C4F18D4B8A1005A3B3E</string>
				<string>83FC5C5118D4B8A1005A3B3E</string>
				<string>07264EE6196D936000B6E821</string>
			</array>
			<key>isa</key>
			<string>PBXGroup</string>
			<key>name</key>
			<string>Supporting Files</string>
			<key>sourceTree</key>
			<string>&lt;group&gt;</string>
		</dict>
		<key>83FC5C4B18D4B8A1005A3B3E</key>
		<dict>
			<key>isa</key>
			<string>PBXFileReference</string>
			<key>lastKnownFileType</key>
			<string>text.plist.xml</string>
			<key>path</key>
			<string>VenmoDryDock-Info.plist</string>
			<key>sourceTree</key>
			<string>&lt;group&gt;</string>
		</dict>
		<key>83FC5C4C18D4B8A1005A3B3E</key>
		<dict>
			<key>children</key>
			<array>
				<string>83FC5C4D18D4B8A1005A3B3E</string>
			</array>
			<key>isa</key>
			<string>PBXVariantGroup</string>
			<key>name</key>
			<string>InfoPlist.strings</string>
			<key>sourceTree</key>
			<string>&lt;group&gt;</string>
		</dict>
		<key>83FC5C4D18D4B8A1005A3B3E</key>
		<dict>
			<key>isa</key>
			<string>PBXFileReference</string>
			<key>lastKnownFileType</key>
			<string>text.plist.strings</string>
			<key>name</key>
			<string>en</string>
			<key>path</key>
			<string>en.lproj/InfoPlist.strings</string>
			<key>sourceTree</key>
			<string>&lt;group&gt;</string>
		</dict>
		<key>83FC5C4E18D4B8A1005A3B3E</key>
		<dict>
			<key>fileRef</key>
			<string>83FC5C4C18D4B8A1005A3B3E</string>
			<key>isa</key>
			<string>PBXBuildFile</string>
		</dict>
		<key>83FC5C4F18D4B8A1005A3B3E</key>
		<dict>
			<key>isa</key>
			<string>PBXFileReference</string>
			<key>lastKnownFileType</key>
			<string>sourcecode.c.objc</string>
			<key>path</key>
			<string>main.m</string>
			<key>sourceTree</key>
			<string>&lt;group&gt;</string>
		</dict>
		<key>83FC5C5018D4B8A1005A3B3E</key>
		<dict>
			<key>fileRef</key>
			<string>83FC5C4F18D4B8A1005A3B3E</string>
			<key>isa</key>
			<string>PBXBuildFile</string>
		</dict>
		<key>83FC5C5118D4B8A1005A3B3E</key>
		<dict>
			<key>isa</key>
			<string>PBXFileReference</string>
			<key>lastKnownFileType</key>
			<string>sourcecode.c.h</string>
			<key>path</key>
			<string>VenmoDryDock-Prefix.pch</string>
			<key>sourceTree</key>
			<string>&lt;group&gt;</string>
		</dict>
		<key>83FC5C5218D4B8A1005A3B3E</key>
		<dict>
			<key>isa</key>
			<string>PBXFileReference</string>
			<key>lastKnownFileType</key>
			<string>sourcecode.c.h</string>
			<key>path</key>
			<string>VDDAppDelegate.h</string>
			<key>sourceTree</key>
			<string>&lt;group&gt;</string>
		</dict>
		<key>83FC5C5318D4B8A1005A3B3E</key>
		<dict>
			<key>isa</key>
			<string>PBXFileReference</string>
			<key>lastKnownFileType</key>
			<string>sourcecode.c.objc</string>
			<key>path</key>
			<string>VDDAppDelegate.m</string>
			<key>sourceTree</key>
			<string>&lt;group&gt;</string>
		</dict>
		<key>83FC5C5418D4B8A1005A3B3E</key>
		<dict>
			<key>fileRef</key>
			<string>83FC5C5318D4B8A1005A3B3E</string>
			<key>isa</key>
			<string>PBXBuildFile</string>
		</dict>
		<key>83FC5C5518D4B8A1005A3B3E</key>
		<dict>
			<key>children</key>
			<array>
				<string>83FC5C5618D4B8A1005A3B3E</string>
			</array>
			<key>isa</key>
			<string>PBXVariantGroup</string>
			<key>name</key>
			<string>Main.storyboard</string>
			<key>sourceTree</key>
			<string>&lt;group&gt;</string>
		</dict>
		<key>83FC5C5618D4B8A1005A3B3E</key>
		<dict>
			<key>isa</key>
			<string>PBXFileReference</string>
			<key>lastKnownFileType</key>
			<string>file.storyboard</string>
			<key>name</key>
			<string>Base</string>
			<key>path</key>
			<string>Base.lproj/Main.storyboard</string>
			<key>sourceTree</key>
			<string>&lt;group&gt;</string>
		</dict>
		<key>83FC5C5718D4B8A1005A3B3E</key>
		<dict>
			<key>fileRef</key>
			<string>83FC5C5518D4B8A1005A3B3E</string>
			<key>isa</key>
			<string>PBXBuildFile</string>
		</dict>
		<key>83FC5C6518D4B8A1005A3B3E</key>
		<dict>
			<key>isa</key>
			<string>PBXFileReference</string>
			<key>lastKnownFileType</key>
			<string>wrapper.framework</string>
			<key>name</key>
			<string>XCTest.framework</string>
			<key>path</key>
			<string>Library/Frameworks/XCTest.framework</string>
			<key>sourceTree</key>
			<string>DEVELOPER_DIR</string>
		</dict>
		<key>83FC5C7318D4B8A1005A3B3E</key>
		<dict>
			<key>buildSettings</key>
			<dict>
				<key>ALWAYS_SEARCH_USER_PATHS</key>
				<string>NO</string>
				<key>CLANG_CXX_LANGUAGE_STANDARD</key>
				<string>gnu++0x</string>
				<key>CLANG_CXX_LIBRARY</key>
				<string>libc++</string>
				<key>CLANG_ENABLE_MODULES</key>
				<string>YES</string>
				<key>CLANG_ENABLE_OBJC_ARC</key>
				<string>YES</string>
				<key>CLANG_WARN_BOOL_CONVERSION</key>
				<string>YES</string>
				<key>CLANG_WARN_CONSTANT_CONVERSION</key>
				<string>YES</string>
				<key>CLANG_WARN_DIRECT_OBJC_ISA_USAGE</key>
				<string>YES_ERROR</string>
				<key>CLANG_WARN_EMPTY_BODY</key>
				<string>YES</string>
				<key>CLANG_WARN_ENUM_CONVERSION</key>
				<string>YES</string>
				<key>CLANG_WARN_INT_CONVERSION</key>
				<string>YES</string>
				<key>CLANG_WARN_OBJC_ROOT_CLASS</key>
				<string>YES_ERROR</string>
				<key>CLANG_WARN__DUPLICATE_METHOD_MATCH</key>
				<string>YES</string>
				<key>CODE_SIGN_IDENTITY</key>
				<string>iPhone Distribution: Venmo Inc.</string>
				<key>CODE_SIGN_IDENTITY[sdk=iphoneos*]</key>
				<string>iPhone Distribution: Venmo Inc.</string>
				<key>COPY_PHASE_STRIP</key>
				<string>NO</string>
				<key>GCC_C_LANGUAGE_STANDARD</key>
				<string>gnu99</string>
				<key>GCC_DYNAMIC_NO_PIC</key>
				<string>NO</string>
				<key>GCC_OPTIMIZATION_LEVEL</key>
				<string>0</string>
				<key>GCC_PREPROCESSOR_DEFINITIONS</key>
				<array>
					<string>DEBUG=1</string>
					<string>$(inherited)</string>
				</array>
				<key>GCC_SYMBOLS_PRIVATE_EXTERN</key>
				<string>NO</string>
				<key>GCC_WARN_64_TO_32_BIT_CONVERSION</key>
				<string>YES</string>
				<key>GCC_WARN_ABOUT_RETURN_TYPE</key>
				<string>YES_ERROR</string>
				<key>GCC_WARN_UNDECLARED_SELECTOR</key>
				<string>YES</string>
				<key>GCC_WARN_UNINITIALIZED_AUTOS</key>
				<string>YES_AGGRESSIVE</string>
				<key>GCC_WARN_UNUSED_FUNCTION</key>
				<string>YES</string>
				<key>GCC_WARN_UNUSED_VARIABLE</key>
				<string>YES</string>
				<key>IPHONEOS_DEPLOYMENT_TARGET</key>
				<string>7.1</string>
				<key>ONLY_ACTIVE_ARCH</key>
				<string>YES</string>
				<key>PROVISIONING_PROFILE</key>
				<string>B0839FFA-966B-4003-BE02-3BA735E95DC6</string>
				<key>SDKROOT</key>
				<string>iphoneos</string>
			</dict>
			<key>isa</key>
			<string>XCBuildConfiguration</string>
			<key>name</key>
			<string>Debug</string>
		</dict>
		<key>83FC5C7418D4B8A1005A3B3E</key>
		<dict>
			<key>buildSettings</key>
			<dict>
				<key>ALWAYS_SEARCH_USER_PATHS</key>
				<string>NO</string>
				<key>CLANG_CXX_LANGUAGE_STANDARD</key>
				<string>gnu++0x</string>
				<key>CLANG_CXX_LIBRARY</key>
				<string>libc++</string>
				<key>CLANG_ENABLE_MODULES</key>
				<string>YES</string>
				<key>CLANG_ENABLE_OBJC_ARC</key>
				<string>YES</string>
				<key>CLANG_WARN_BOOL_CONVERSION</key>
				<string>YES</string>
				<key>CLANG_WARN_CONSTANT_CONVERSION</key>
				<string>YES</string>
				<key>CLANG_WARN_DIRECT_OBJC_ISA_USAGE</key>
				<string>YES_ERROR</string>
				<key>CLANG_WARN_EMPTY_BODY</key>
				<string>YES</string>
				<key>CLANG_WARN_ENUM_CONVERSION</key>
				<string>YES</string>
				<key>CLANG_WARN_INT_CONVERSION</key>
				<string>YES</string>
				<key>CLANG_WARN_OBJC_ROOT_CLASS</key>
				<string>YES_ERROR</string>
				<key>CLANG_WARN__DUPLICATE_METHOD_MATCH</key>
				<string>YES</string>
				<key>CODE_SIGN_IDENTITY</key>
				<string>iPhone Distribution: Venmo Inc.</string>
				<key>CODE_SIGN_IDENTITY[sdk=iphoneos*]</key>
				<string>iPhone Distribution: Venmo Inc.</string>
				<key>COPY_PHASE_STRIP</key>
				<string>YES</string>
				<key>ENABLE_NS_ASSERTIONS</key>
				<string>NO</string>
				<key>GCC_C_LANGUAGE_STANDARD</key>
				<string>gnu99</string>
				<key>GCC_WARN_64_TO_32_BIT_CONVERSION</key>
				<string>YES</string>
				<key>GCC_WARN_ABOUT_RETURN_TYPE</key>
				<string>YES_ERROR</string>
				<key>GCC_WARN_UNDECLARED_SELECTOR</key>
				<string>YES</string>
				<key>GCC_WARN_UNINITIALIZED_AUTOS</key>
				<string>YES_AGGRESSIVE</string>
				<key>GCC_WARN_UNUSED_FUNCTION</key>
				<string>YES</string>
				<key>GCC_WARN_UNUSED_VARIABLE</key>
				<string>YES</string>
				<key>IPHONEOS_DEPLOYMENT_TARGET</key>
				<string>7.1</string>
				<key>PROVISIONING_PROFILE</key>
				<string>B0839FFA-966B-4003-BE02-3BA735E95DC6</string>
				<key>SDKROOT</key>
				<string>iphoneos</string>
				<key>VALIDATE_PRODUCT</key>
				<string>YES</string>
			</dict>
			<key>isa</key>
			<string>XCBuildConfiguration</string>
			<key>name</key>
			<string>Release</string>
		</dict>
		<key>83FC5C7518D4B8A1005A3B3E</key>
		<dict>
			<key>buildConfigurations</key>
			<array>
				<string>83FC5C7618D4B8A1005A3B3E</string>
				<string>83FC5C7718D4B8A1005A3B3E</string>
			</array>
			<key>defaultConfigurationIsVisible</key>
			<string>0</string>
			<key>defaultConfigurationName</key>
			<string>Release</string>
			<key>isa</key>
			<string>XCConfigurationList</string>
		</dict>
		<key>83FC5C7618D4B8A1005A3B3E</key>
		<dict>
			<key>baseConfigurationReference</key>
			<string>4F56F487BE287C2B62D755CD</string>
			<key>buildSettings</key>
			<dict>
				<key>ASSETCATALOG_COMPILER_APPICON_NAME</key>
				<string>AppIcon</string>
				<key>ASSETCATALOG_COMPILER_LAUNCHIMAGE_NAME</key>
				<string>LaunchImage</string>
				<key>CODE_SIGN_IDENTITY</key>
				<string>iPhone Developer</string>
				<key>CODE_SIGN_IDENTITY[sdk=iphoneos*]</key>
				<string>iPhone Developer</string>
				<key>GCC_PRECOMPILE_PREFIX_HEADER</key>
				<string>YES</string>
				<key>GCC_PREFIX_HEADER</key>
				<string>VenmoDryDock/VenmoDryDock-Prefix.pch</string>
				<key>INFOPLIST_FILE</key>
				<string>VenmoDryDock/VenmoDryDock-Info.plist</string>
				<key>IPHONEOS_DEPLOYMENT_TARGET</key>
				<string>7.0</string>
				<key>PRODUCT_NAME</key>
				<string>$(TARGET_NAME)</string>
				<key>PROVISIONING_PROFILE</key>
				<string></string>
				<key>WRAPPER_EXTENSION</key>
				<string>app</string>
			</dict>
			<key>isa</key>
			<string>XCBuildConfiguration</string>
			<key>name</key>
			<string>Debug</string>
		</dict>
		<key>83FC5C7718D4B8A1005A3B3E</key>
		<dict>
			<key>baseConfigurationReference</key>
			<string>B18F82C1787F58CDD215AD3A</string>
			<key>buildSettings</key>
			<dict>
				<key>ASSETCATALOG_COMPILER_APPICON_NAME</key>
				<string>AppIcon</string>
				<key>ASSETCATALOG_COMPILER_LAUNCHIMAGE_NAME</key>
				<string>LaunchImage</string>
				<key>CODE_SIGN_IDENTITY</key>
				<string>iPhone Developer</string>
				<key>CODE_SIGN_IDENTITY[sdk=iphoneos*]</key>
				<string>iPhone Developer</string>
				<key>GCC_PRECOMPILE_PREFIX_HEADER</key>
				<string>YES</string>
				<key>GCC_PREFIX_HEADER</key>
				<string>VenmoDryDock/VenmoDryDock-Prefix.pch</string>
				<key>INFOPLIST_FILE</key>
				<string>VenmoDryDock/VenmoDryDock-Info.plist</string>
				<key>IPHONEOS_DEPLOYMENT_TARGET</key>
				<string>7.0</string>
				<key>PRODUCT_NAME</key>
				<string>$(TARGET_NAME)</string>
				<key>PROVISIONING_PROFILE</key>
				<string></string>
				<key>WRAPPER_EXTENSION</key>
				<string>app</string>
			</dict>
			<key>isa</key>
			<string>XCBuildConfiguration</string>
			<key>name</key>
			<string>Release</string>
		</dict>
		<key>83FC5C8518D4C575005A3B3E</key>
		<dict>
			<key>children</key>
			<array>
				<string>83FC5C8618D4C575005A3B3E</string>
			</array>
			<key>isa</key>
			<string>PBXGroup</string>
			<key>path</key>
			<string>Libraries</string>
			<key>sourceTree</key>
			<string>&lt;group&gt;</string>
		</dict>
		<key>83FC5C8618D4C575005A3B3E</key>
		<dict>
			<key>children</key>
			<array>
				<string>83FC5C8718D4C575005A3B3E</string>
				<string>83FC5C8818D4C575005A3B3E</string>
			</array>
			<key>isa</key>
			<string>PBXGroup</string>
			<key>path</key>
			<string>DCTConfirmationButton</string>
			<key>sourceTree</key>
			<string>&lt;group&gt;</string>
		</dict>
		<key>83FC5C8718D4C575005A3B3E</key>
		<dict>
			<key>fileEncoding</key>
			<string>4</string>
			<key>isa</key>
			<string>PBXFileReference</string>
			<key>lastKnownFileType</key>
			<string>sourcecode.c.h</string>
			<key>path</key>
			<string>DCTConfirmationButton.h</string>
			<key>sourceTree</key>
			<string>&lt;group&gt;</string>
		</dict>
		<key>83FC5C8818D4C575005A3B3E</key>
		<dict>
			<key>fileEncoding</key>
			<string>4</string>
			<key>isa</key>
			<string>PBXFileReference</string>
			<key>lastKnownFileType</key>
			<string>sourcecode.c.objc</string>
			<key>path</key>
			<string>DCTConfirmationButton.m</string>
			<key>sourceTree</key>
			<string>&lt;group&gt;</string>
		</dict>
		<key>83FC5C8918D4C575005A3B3E</key>
		<dict>
			<key>fileRef</key>
			<string>83FC5C8818D4C575005A3B3E</string>
			<key>isa</key>
			<string>PBXBuildFile</string>
		</dict>
		<key>83FC5C8A18D4CCFE005A3B3E</key>
		<dict>
			<key>children</key>
			<array>
				<string>83FC5C8B18D4CD0B005A3B3E</string>
				<string>C2C43A3818F1DF1C00E11746</string>
			</array>
			<key>isa</key>
			<string>PBXGroup</string>
			<key>path</key>
			<string>Model</string>
			<key>sourceTree</key>
			<string>&lt;group&gt;</string>
		</dict>
		<key>83FC5C8B18D4CD0B005A3B3E</key>
		<dict>
			<key>fileEncoding</key>
			<string>4</string>
			<key>isa</key>
			<string>PBXFileReference</string>
			<key>lastKnownFileType</key>
			<string>sourcecode.c.h</string>
			<key>path</key>
			<string>VDDModelKeys.h</string>
			<key>sourceTree</key>
			<string>&lt;group&gt;</string>
		</dict>
		<key>83FC5C9A18D783B3005A3B3E</key>
		<dict>
			<key>children</key>
			<array>
				<string>83FC5C9B18D7D31B005A3B3E</string>
				<string>83FC5C9C18D7D31B005A3B3E</string>
			</array>
			<key>isa</key>
			<string>PBXGroup</string>
			<key>name</key>
			<string>Resources</string>
			<key>sourceTree</key>
			<string>&lt;group&gt;</string>
		</dict>
		<key>83FC5C9B18D7D31B005A3B3E</key>
		<dict>
			<key>isa</key>
			<string>PBXFileReference</string>
			<key>lastKnownFileType</key>
			<string>folder.assetcatalog</string>
			<key>name</key>
			<string>DCTConfirmationButton.xcassets</string>
			<key>path</key>
			<string>Resources/DCTConfirmationButton.xcassets</string>
			<key>sourceTree</key>
			<string>&lt;group&gt;</string>
		</dict>
		<key>83FC5C9C18D7D31B005A3B3E</key>
		<dict>
			<key>isa</key>
			<string>PBXFileReference</string>
			<key>lastKnownFileType</key>
			<string>folder.assetcatalog</string>
			<key>name</key>
			<string>Images.xcassets</string>
			<key>path</key>
			<string>Resources/Images.xcassets</string>
			<key>sourceTree</key>
			<string>&lt;group&gt;</string>
		</dict>
		<key>83FC5C9D18D7D31B005A3B3E</key>
		<dict>
			<key>fileRef</key>
			<string>83FC5C9B18D7D31B005A3B3E</string>
			<key>isa</key>
			<string>PBXBuildFile</string>
		</dict>
		<key>83FC5C9E18D7D31B005A3B3E</key>
		<dict>
			<key>fileRef</key>
			<string>83FC5C9C18D7D31B005A3B3E</string>
			<key>isa</key>
			<string>PBXBuildFile</string>
		</dict>
		<key>83FC5C9F18D7D364005A3B3E</key>
		<dict>
			<key>children</key>
			<array>
				<string>83FC5CA018D7D364005A3B3E</string>
				<string>83FC5CA118D7D364005A3B3E</string>
				<string>83FC5CA218D7D364005A3B3E</string>
				<string>83FC5CA318D7D364005A3B3E</string>
				<string>83FC5CA418D7D364005A3B3E</string>
			</array>
			<key>isa</key>
			<string>PBXGroup</string>
			<key>name</key>
			<string>Builds List</string>
			<key>path</key>
			<string>BuildsList</string>
			<key>sourceTree</key>
			<string>&lt;group&gt;</string>
		</dict>
		<key>83FC5CA018D7D364005A3B3E</key>
		<dict>
			<key>fileEncoding</key>
			<string>4</string>
			<key>isa</key>
			<string>PBXFileReference</string>
			<key>lastKnownFileType</key>
			<string>sourcecode.c.h</string>
			<key>path</key>
			<string>VDDBuildsTableViewController.h</string>
			<key>sourceTree</key>
			<string>&lt;group&gt;</string>
		</dict>
		<key>83FC5CA118D7D364005A3B3E</key>
		<dict>
			<key>fileEncoding</key>
			<string>4</string>
			<key>isa</key>
			<string>PBXFileReference</string>
			<key>lastKnownFileType</key>
			<string>sourcecode.c.objc</string>
			<key>path</key>
			<string>VDDBuildsTableViewController.m</string>
			<key>sourceTree</key>
			<string>&lt;group&gt;</string>
		</dict>
		<key>83FC5CA218D7D364005A3B3E</key>
		<dict>
			<key>fileEncoding</key>
			<string>4</string>
			<key>isa</key>
			<string>PBXFileReference</string>
			<key>lastKnownFileType</key>
			<string>sourcecode.c.h</string>
			<key>path</key>
			<string>VDDTableViewCell.h</string>
			<key>sourceTree</key>
			<string>&lt;group&gt;</string>
		</dict>
		<key>83FC5CA318D7D364005A3B3E</key>
		<dict>
			<key>fileEncoding</key>
			<string>4</string>
			<key>isa</key>
			<string>PBXFileReference</string>
			<key>lastKnownFileType</key>
			<string>sourcecode.c.objc</string>
			<key>path</key>
			<string>VDDTableViewCell.m</string>
			<key>sourceTree</key>
			<string>&lt;group&gt;</string>
		</dict>
		<key>83FC5CA418D7D364005A3B3E</key>
		<dict>
			<key>fileEncoding</key>
			<string>4</string>
			<key>isa</key>
			<string>PBXFileReference</string>
			<key>lastKnownFileType</key>
			<string>file.xib</string>
			<key>path</key>
			<string>VDDTableViewCell.xib</string>
			<key>sourceTree</key>
			<string>&lt;group&gt;</string>
		</dict>
		<key>83FC5CA518D7D364005A3B3E</key>
		<dict>
			<key>fileRef</key>
			<string>83FC5CA118D7D364005A3B3E</string>
			<key>isa</key>
			<string>PBXBuildFile</string>
		</dict>
		<key>83FC5CA618D7D364005A3B3E</key>
		<dict>
			<key>fileRef</key>
			<string>83FC5CA318D7D364005A3B3E</string>
			<key>isa</key>
			<string>PBXBuildFile</string>
		</dict>
		<key>83FC5CA718D7D364005A3B3E</key>
		<dict>
			<key>fileRef</key>
			<string>83FC5CA418D7D364005A3B3E</string>
			<key>isa</key>
			<string>PBXBuildFile</string>
		</dict>
		<key>8C7F41E3595F466F9F97020D</key>
		<dict>
			<key>explicitFileType</key>
			<string>archive.ar</string>
			<key>includeInIndex</key>
			<string>0</string>
			<key>isa</key>
			<string>PBXFileReference</string>
			<key>path</key>
			<string>libPods-VenmoDryDock.a</string>
			<key>sourceTree</key>
			<string>BUILT_PRODUCTS_DIR</string>
		</dict>
		<key>AB35763C981542458EBF182E</key>
		<dict>
			<key>buildActionMask</key>
			<string>2147483647</string>
			<key>files</key>
			<array/>
			<key>inputPaths</key>
			<array/>
			<key>isa</key>
			<string>PBXShellScriptBuildPhase</string>
			<key>name</key>
			<string>Check Pods Manifest.lock</string>
			<key>outputPaths</key>
			<array/>
			<key>runOnlyForDeploymentPostprocessing</key>
			<string>0</string>
			<key>shellPath</key>
			<string>/bin/sh</string>
			<key>shellScript</key>
			<string>diff "${PODS_ROOT}/../Podfile.lock" "${PODS_ROOT}/Manifest.lock" &gt; /dev/null
if [[ $? != 0 ]] ; then
    cat &lt;&lt; EOM
error: The sandbox is not in sync with the Podfile.lock. Run 'pod install' or update your CocoaPods installation.
EOM
    exit 1
fi
</string>
			<key>showEnvVarsInLog</key>
			<string>0</string>
		</dict>
		<key>B18F82C1787F58CDD215AD3A</key>
		<dict>
			<key>includeInIndex</key>
			<string>1</string>
			<key>isa</key>
			<string>PBXFileReference</string>
			<key>lastKnownFileType</key>
			<string>text.xcconfig</string>
			<key>name</key>
			<string>Pods-VenmoDryDock.release.xcconfig</string>
			<key>path</key>
			<string>Pods/Target Support Files/Pods-VenmoDryDock/Pods-VenmoDryDock.release.xcconfig</string>
			<key>sourceTree</key>
			<string>&lt;group&gt;</string>
		</dict>
		<key>B6FBEC3E197F6C6500A8C89C</key>
		<dict>
			<key>buildActionMask</key>
			<string>2147483647</string>
			<key>files</key>
			<array>
				<string>B6FBEC4D197F6C6500A8C89C</string>
			</array>
			<key>isa</key>
			<string>PBXSourcesBuildPhase</string>
			<key>runOnlyForDeploymentPostprocessing</key>
			<string>0</string>
		</dict>
		<key>B6FBEC3F197F6C6500A8C89C</key>
		<dict>
			<key>buildActionMask</key>
			<string>2147483647</string>
			<key>files</key>
			<array>
				<string>B6FBEC43197F6C6500A8C89C</string>
				<string>B6FBEC45197F6C6500A8C89C</string>
				<string>B6FBEC44197F6C6500A8C89C</string>
				<string>20B5ECA4F08C4A45932B2E35</string>
			</array>
			<key>isa</key>
			<string>PBXFrameworksBuildPhase</string>
			<key>runOnlyForDeploymentPostprocessing</key>
			<string>0</string>
		</dict>
		<key>B6FBEC40197F6C6500A8C89C</key>
		<dict>
			<key>buildActionMask</key>
			<string>2147483647</string>
			<key>files</key>
			<array>
				<string>B6FBEC4B197F6C6500A8C89C</string>
			</array>
			<key>isa</key>
			<string>PBXResourcesBuildPhase</string>
			<key>runOnlyForDeploymentPostprocessing</key>
			<string>0</string>
		</dict>
		<key>B6FBEC41197F6C6500A8C89C</key>
		<dict>
			<key>buildConfigurationList</key>
			<string>B6FBEC53197F6C6500A8C89C</string>
			<key>buildPhases</key>
			<array>
				<string>F652988AB63248949DFC0709</string>
				<string>B6FBEC3E197F6C6500A8C89C</string>
				<string>B6FBEC3F197F6C6500A8C89C</string>
				<string>B6FBEC40197F6C6500A8C89C</string>
				<string>5046B7D8ACE54D78890E8B28</string>
			</array>
			<key>buildRules</key>
			<array/>
			<key>dependencies</key>
			<array>
				<string>B6FBEC50197F6C6500A8C89C</string>
			</array>
			<key>isa</key>
			<string>PBXNativeTarget</string>
			<key>name</key>
			<string>VenmoDryDockTests</string>
			<key>productName</key>
			<string>VenmoDryDockTests</string>
			<key>productReference</key>
			<string>B6FBEC42197F6C6500A8C89C</string>
			<key>productType</key>
			<string>com.apple.product-type.bundle.unit-test</string>
		</dict>
		<key>B6FBEC42197F6C6500A8C89C</key>
		<dict>
			<key>explicitFileType</key>
			<string>wrapper.cfbundle</string>
			<key>includeInIndex</key>
			<string>0</string>
			<key>isa</key>
			<string>PBXFileReference</string>
			<key>path</key>
			<string>VenmoDryDockTests.xctest</string>
			<key>sourceTree</key>
			<string>BUILT_PRODUCTS_DIR</string>
		</dict>
		<key>B6FBEC43197F6C6500A8C89C</key>
		<dict>
			<key>fileRef</key>
			<string>83FC5C6518D4B8A1005A3B3E</string>
			<key>isa</key>
			<string>PBXBuildFile</string>
		</dict>
		<key>B6FBEC44197F6C6500A8C89C</key>
		<dict>
			<key>fileRef</key>
			<string>83FC5C4318D4B8A1005A3B3E</string>
			<key>isa</key>
			<string>PBXBuildFile</string>
		</dict>
		<key>B6FBEC45197F6C6500A8C89C</key>
		<dict>
			<key>fileRef</key>
			<string>83FC5C4718D4B8A1005A3B3E</string>
			<key>isa</key>
			<string>PBXBuildFile</string>
		</dict>
		<key>B6FBEC46197F6C6500A8C89C</key>
		<dict>
			<key>children</key>
			<array>
				<string>B6FBEC4C197F6C6500A8C89C</string>
				<string>B6FBEC47197F6C6500A8C89C</string>
			</array>
			<key>isa</key>
			<string>PBXGroup</string>
			<key>path</key>
			<string>VenmoDryDockTests</string>
			<key>sourceTree</key>
			<string>&lt;group&gt;</string>
		</dict>
		<key>B6FBEC47197F6C6500A8C89C</key>
		<dict>
			<key>children</key>
			<array>
				<string>B6FBEC48197F6C6500A8C89C</string>
				<string>B6FBEC49197F6C6500A8C89C</string>
				<string>B6FBEC4E197F6C6500A8C89C</string>
			</array>
			<key>isa</key>
			<string>PBXGroup</string>
			<key>name</key>
			<string>Supporting Files</string>
			<key>sourceTree</key>
			<string>&lt;group&gt;</string>
		</dict>
		<key>B6FBEC48197F6C6500A8C89C</key>
		<dict>
			<key>isa</key>
			<string>PBXFileReference</string>
			<key>lastKnownFileType</key>
			<string>text.plist.xml</string>
			<key>path</key>
			<string>VenmoDryDockTests-Info.plist</string>
			<key>sourceTree</key>
			<string>&lt;group&gt;</string>
		</dict>
		<key>B6FBEC49197F6C6500A8C89C</key>
		<dict>
			<key>children</key>
			<array>
				<string>B6FBEC4A197F6C6500A8C89C</string>
			</array>
			<key>isa</key>
			<string>PBXVariantGroup</string>
			<key>name</key>
			<string>InfoPlist.strings</string>
			<key>sourceTree</key>
			<string>&lt;group&gt;</string>
		</dict>
		<key>B6FBEC4A197F6C6500A8C89C</key>
		<dict>
			<key>isa</key>
			<string>PBXFileReference</string>
			<key>lastKnownFileType</key>
			<string>text.plist.strings</string>
			<key>name</key>
			<string>en</string>
			<key>path</key>
			<string>en.lproj/InfoPlist.strings</string>
			<key>sourceTree</key>
			<string>&lt;group&gt;</string>
		</dict>
		<key>B6FBEC4B197F6C6500A8C89C</key>
		<dict>
			<key>fileRef</key>
			<string>B6FBEC49197F6C6500A8C89C</string>
			<key>isa</key>
			<string>PBXBuildFile</string>
		</dict>
		<key>B6FBEC4C197F6C6500A8C89C</key>
		<dict>
			<key>isa</key>
			<string>PBXFileReference</string>
			<key>lastKnownFileType</key>
			<string>sourcecode.c.objc</string>
			<key>path</key>
			<string>NSString+DryDockSpec.m</string>
			<key>sourceTree</key>
			<string>&lt;group&gt;</string>
		</dict>
		<key>B6FBEC4D197F6C6500A8C89C</key>
		<dict>
			<key>fileRef</key>
			<string>B6FBEC4C197F6C6500A8C89C</string>
			<key>isa</key>
			<string>PBXBuildFile</string>
		</dict>
		<key>B6FBEC4E197F6C6500A8C89C</key>
		<dict>
			<key>isa</key>
			<string>PBXFileReference</string>
			<key>lastKnownFileType</key>
			<string>sourcecode.c.h</string>
			<key>path</key>
			<string>VenmoDryDockTests-Prefix.pch</string>
			<key>sourceTree</key>
			<string>&lt;group&gt;</string>
		</dict>
		<key>B6FBEC4F197F6C6500A8C89C</key>
		<dict>
			<key>containerPortal</key>
			<string>83FC5C3818D4B8A1005A3B3E</string>
			<key>isa</key>
			<string>PBXContainerItemProxy</string>
			<key>proxyType</key>
			<string>1</string>
			<key>remoteGlobalIDString</key>
			<string>83FC5C3F18D4B8A1005A3B3E</string>
			<key>remoteInfo</key>
			<string>VenmoDryDock</string>
		</dict>
		<key>B6FBEC50197F6C6500A8C89C</key>
		<dict>
			<key>isa</key>
			<string>PBXTargetDependency</string>
			<key>target</key>
			<string>83FC5C3F18D4B8A1005A3B3E</string>
			<key>targetProxy</key>
			<string>B6FBEC4F197F6C6500A8C89C</string>
		</dict>
		<key>B6FBEC51197F6C6500A8C89C</key>
		<dict>
			<key>baseConfigurationReference</key>
			<string>2DB6C65DEBE13F368C353D43</string>
			<key>buildSettings</key>
			<dict>
				<key>BUNDLE_LOADER</key>
				<string>$(BUILT_PRODUCTS_DIR)/VenmoDryDock.app/VenmoDryDock</string>
				<key>FRAMEWORK_SEARCH_PATHS</key>
				<array>
					<string>$(SDKROOT)/Developer/Library/Frameworks</string>
					<string>$(inherited)</string>
					<string>$(DEVELOPER_FRAMEWORKS_DIR)</string>
				</array>
				<key>GCC_PRECOMPILE_PREFIX_HEADER</key>
				<string>YES</string>
				<key>GCC_PREFIX_HEADER</key>
				<string>VenmoDryDockTests/VenmoDryDockTests-Prefix.pch</string>
				<key>GCC_PREPROCESSOR_DEFINITIONS</key>
				<array>
					<string>DEBUG=1</string>
					<string>$(inherited)</string>
				</array>
				<key>INFOPLIST_FILE</key>
				<string>VenmoDryDockTests/VenmoDryDockTests-Info.plist</string>
				<key>PRODUCT_NAME</key>
				<string>$(TARGET_NAME)</string>
				<key>TEST_HOST</key>
				<string>$(BUNDLE_LOADER)</string>
				<key>WRAPPER_EXTENSION</key>
				<string>xctest</string>
			</dict>
			<key>isa</key>
			<string>XCBuildConfiguration</string>
			<key>name</key>
			<string>Debug</string>
		</dict>
		<key>B6FBEC52197F6C6500A8C89C</key>
		<dict>
			<key>baseConfigurationReference</key>
			<string>70B7823D9E9F9CE7FAF2D589</string>
			<key>buildSettings</key>
			<dict>
				<key>BUNDLE_LOADER</key>
				<string>$(BUILT_PRODUCTS_DIR)/VenmoDryDock.app/VenmoDryDock</string>
				<key>FRAMEWORK_SEARCH_PATHS</key>
				<array>
					<string>$(SDKROOT)/Developer/Library/Frameworks</string>
					<string>$(inherited)</string>
					<string>$(DEVELOPER_FRAMEWORKS_DIR)</string>
				</array>
				<key>GCC_PRECOMPILE_PREFIX_HEADER</key>
				<string>YES</string>
				<key>GCC_PREFIX_HEADER</key>
				<string>VenmoDryDockTests/VenmoDryDockTests-Prefix.pch</string>
				<key>INFOPLIST_FILE</key>
				<string>VenmoDryDockTests/VenmoDryDockTests-Info.plist</string>
				<key>PRODUCT_NAME</key>
				<string>$(TARGET_NAME)</string>
				<key>TEST_HOST</key>
				<string>$(BUNDLE_LOADER)</string>
				<key>WRAPPER_EXTENSION</key>
				<string>xctest</string>
			</dict>
			<key>isa</key>
			<string>XCBuildConfiguration</string>
			<key>name</key>
			<string>Release</string>
		</dict>
		<key>B6FBEC53197F6C6500A8C89C</key>
		<dict>
			<key>buildConfigurations</key>
			<array>
				<string>B6FBEC51197F6C6500A8C89C</string>
				<string>B6FBEC52197F6C6500A8C89C</string>
			</array>
			<key>defaultConfigurationIsVisible</key>
			<string>0</string>
			<key>defaultConfigurationName</key>
			<string>Release</string>
			<key>isa</key>
			<string>XCConfigurationList</string>
		</dict>
		<key>C2C43A3818F1DF1C00E11746</key>
		<dict>
			<key>fileEncoding</key>
			<string>4</string>
			<key>isa</key>
			<string>PBXFileReference</string>
			<key>lastKnownFileType</key>
			<string>sourcecode.c.objc</string>
			<key>path</key>
			<string>VDDModelKeys.m</string>
			<key>sourceTree</key>
			<string>&lt;group&gt;</string>
		</dict>
		<key>C2C43A3918F1DF1C00E11746</key>
		<dict>
			<key>fileRef</key>
			<string>C2C43A3818F1DF1C00E11746</string>
			<key>isa</key>
			<string>PBXBuildFile</string>
		</dict>
		<key>F652988AB63248949DFC0709</key>
		<dict>
			<key>buildActionMask</key>
			<string>2147483647</string>
			<key>files</key>
			<array/>
			<key>inputPaths</key>
			<array/>
			<key>isa</key>
			<string>PBXShellScriptBuildPhase</string>
			<key>name</key>
			<string>Check Pods Manifest.lock</string>
			<key>outputPaths</key>
			<array/>
			<key>runOnlyForDeploymentPostprocessing</key>
			<string>0</string>
			<key>shellPath</key>
			<string>/bin/sh</string>
			<key>shellScript</key>
			<string>diff "${PODS_ROOT}/../Podfile.lock" "${PODS_ROOT}/Manifest.lock" &gt; /dev/null
if [[ $? != 0 ]] ; then
    cat &lt;&lt; EOM
error: The sandbox is not in sync with the Podfile.lock. Run 'pod install' or update your CocoaPods installation.
EOM
    exit 1
fi
</string>
			<key>showEnvVarsInLog</key>
			<string>0</string>
		</dict>
		<key>FE34DC2EDB9D41718C7B0D87</key>
		<dict>
			<key>buildActionMask</key>
			<string>2147483647</string>
			<key>files</key>
			<array/>
			<key>inputPaths</key>
			<array/>
			<key>isa</key>
			<string>PBXShellScriptBuildPhase</string>
			<key>name</key>
			<string>Copy Pods Resources</string>
			<key>outputPaths</key>
			<array/>
			<key>runOnlyForDeploymentPostprocessing</key>
			<string>0</string>
			<key>shellPath</key>
			<string>/bin/sh</string>
			<key>shellScript</key>
			<string>"${SRCROOT}/Pods/Target Support Files/Pods-VenmoDryDock/Pods-VenmoDryDock-resources.sh"
</string>
			<key>showEnvVarsInLog</key>
			<string>0</string>
		</dict>
	</dict>
	<key>rootObject</key>
	<string>83FC5C3818D4B8A1005A3B3E</string>
</dict>
</plist>
